
Microsoft Visual Studio Solution File, Format Version 12.00
# Visual Studio Version 17
VisualStudioVersion = 17.8.34525.116
MinimumVisualStudioVersion = 10.0.40219.1
Project("{8BC9CEB8-8B4A-11D0-8D11-00A0C91BC942}") = "HelloWorld", "HelloWorld\HelloWorld.vcxproj", "{7D804D66-A41B-4786-91BD-F0D82300116D}"
EndProject
Project("{8BC9CEB8-8B4A-11D0-8D11-00A0C91BC942}") = "Chap01_FindMax", "Chap01_FindMax\Chap01_FindMax.vcxproj", "{92F1CD97-C534-4616-991D-9D342693B7E5}"
EndProject
Global
	GlobalSection(SolutionConfigurationPlatforms) = preSolution
		Debug|x64 = Debug|x64
		Debug|x86 = Debug|x86
		Release|x64 = Release|x64
		Release|x86 = Release|x86
	EndGlobalSection
	GlobalSection(ProjectConfigurationPlatforms) = postSolution
		{7D804D66-A41B-4786-91BD-F0D82300116D}.Debug|x64.ActiveCfg = Debug|x64
		{7D804D66-A41B-4786-91BD-F0D82300116D}.Debug|x64.Build.0 = Debug|x64
		{7D804D66-A41B-4786-91BD-F0D82300116D}.Debug|x86.ActiveCfg = Debug|Win32
		{7D804D66-A41B-4786-91BD-F0D82300116D}.Debug|x86.Build.0 = Debug|Win32
		{7D804D66-A41B-4786-91BD-F0D82300116D}.Release|x64.ActiveCfg = Release|x64
		{7D804D66-A41B-4786-91BD-F0D82300116D}.Release|x64.Build.0 = Release|x64
		{7D804D66-A41B-4786-91BD-F0D82300116D}.Release|x86.ActiveCfg = Release|Win32
		{7D804D66-A41B-4786-91BD-F0D82300116D}.Release|x86.Build.0 = Release|Win32
		{92F1CD97-C534-4616-991D-9D342693B7E5}.Debug|x64.ActiveCfg = Debug|x64
		{92F1CD97-C534-4616-991D-9D342693B7E5}.Debug|x64.Build.0 = Debug|x64
		{92F1CD97-C534-4616-991D-9D342693B7E5}.Debug|x86.ActiveCfg = Debug|Win32
		{92F1CD97-C534-4616-991D-9D342693B7E5}.Debug|x86.Build.0 = Debug|Win32
		{92F1CD97-C534-4616-991D-9D342693B7E5}.Release|x64.ActiveCfg = Release|x64
		{92F1CD97-C534-4616-991D-9D342693B7E5}.Release|x64.Build.0 = Release|x64
		{92F1CD97-C534-4616-991D-9D342693B7E5}.Release|x86.ActiveCfg = Release|Win32
		{92F1CD97-C534-4616-991D-9D342693B7E5}.Release|x86.Build.0 = Release|Win32
	EndGlobalSection
	GlobalSection(SolutionProperties) = preSolution
		HideSolutionNode = FALSE
	EndGlobalSection
	GlobalSection(ExtensibilityGlobals) = postSolution
		SolutionGuid = {A3E32CAC-E67E-477A-AD13-C59F372E6958}
	EndGlobalSection
EndGlobal
